
Microsoft Visual Studio Solution File, Format Version 12.00
# Visual Studio Version 16
VisualStudioVersion = 16.0.30413.136
MinimumVisualStudioVersion = 10.0.40219.1
Project("{9A19103F-16F7-4668-BE54-9A1E7A4F7556}") = "Parser.Tests", "Parser.Tests\Parser.Tests.csproj", "{6DD03657-FC39-4D95-8E96-6973131B9F8A}"
EndProject
Project("{9A19103F-16F7-4668-BE54-9A1E7A4F7556}") = "Parser", "Parser\Parser.csproj", "{41752705-6786-4B02-BFD7-D0765F46BFFA}"
EndProject
Project("{2150E333-8FDC-42A3-9474-1A3956D46DE8}") = ".github", ".github", "{B8C85553-DAE1-4868-8A36-55C619D4113E}"
EndProject
Project("{2150E333-8FDC-42A3-9474-1A3956D46DE8}") = "workflows", "workflows", "{F8D6AB3B-F9C4-4C14-9870-A254B2C230EA}"
	ProjectSection(SolutionItems) = preProject
		.github\workflows\publish-nuget.yml = .github\workflows\publish-nuget.yml
	EndProjectSection
EndProject
Global
	GlobalSection(SolutionConfigurationPlatforms) = preSolution
		Debug|Any CPU = Debug|Any CPU
		Release|Any CPU = Release|Any CPU
	EndGlobalSection
	GlobalSection(ProjectConfigurationPlatforms) = postSolution
		{6DD03657-FC39-4D95-8E96-6973131B9F8A}.Debug|Any CPU.ActiveCfg = Debug|Any CPU
		{6DD03657-FC39-4D95-8E96-6973131B9F8A}.Debug|Any CPU.Build.0 = Debug|Any CPU
		{6DD03657-FC39-4D95-8E96-6973131B9F8A}.Release|Any CPU.ActiveCfg = Release|Any CPU
		{6DD03657-FC39-4D95-8E96-6973131B9F8A}.Release|Any CPU.Build.0 = Release|Any CPU
		{41752705-6786-4B02-BFD7-D0765F46BFFA}.Debug|Any CPU.ActiveCfg = Debug|Any CPU
		{41752705-6786-4B02-BFD7-D0765F46BFFA}.Debug|Any CPU.Build.0 = Debug|Any CPU
		{41752705-6786-4B02-BFD7-D0765F46BFFA}.Release|Any CPU.ActiveCfg = Release|Any CPU
		{41752705-6786-4B02-BFD7-D0765F46BFFA}.Release|Any CPU.Build.0 = Release|Any CPU
	EndGlobalSection
	GlobalSection(SolutionProperties) = preSolution
		HideSolutionNode = FALSE
	EndGlobalSection
	GlobalSection(NestedProjects) = preSolution
		{F8D6AB3B-F9C4-4C14-9870-A254B2C230EA} = {B8C85553-DAE1-4868-8A36-55C619D4113E}
	EndGlobalSection
	GlobalSection(ExtensibilityGlobals) = postSolution
		SolutionGuid = {8946E3B9-F578-4CD9-A004-098763BC0D34}
	EndGlobalSection
EndGlobal
